
Microsoft Visual Studio Solution File, Format Version 12.00
# Visual Studio Version 16
VisualStudioVersion = 16.0.31205.134
MinimumVisualStudioVersion = 10.0.40219.1
Project("{9A19103F-16F7-4668-BE54-9A1E7A4F7556}") = "ValidaSenhaApi", "src\ValidaSenhaApi\ValidaSenhaApi.csproj", "{670746C7-5A3B-4FBF-9C21-84B214FF7A80}"
EndProject
Project("{FAE04EC0-301F-11D3-BF4B-00C04F79EFBC}") = "ValidaSenha.UnitTest", "test\ValidaSenha.UnitTest\ValidaSenha.UnitTest.csproj", "{4E7BF1A4-85B3-47C7-B671-A9458B7563C0}"
EndProject
Global
	GlobalSection(SolutionConfigurationPlatforms) = preSolution
		Debug|Any CPU = Debug|Any CPU
		Release|Any CPU = Release|Any CPU
	EndGlobalSection
	GlobalSection(ProjectConfigurationPlatforms) = postSolution
		{670746C7-5A3B-4FBF-9C21-84B214FF7A80}.Debug|Any CPU.ActiveCfg = Debug|Any CPU
		{670746C7-5A3B-4FBF-9C21-84B214FF7A80}.Debug|Any CPU.Build.0 = Debug|Any CPU
		{670746C7-5A3B-4FBF-9C21-84B214FF7A80}.Release|Any CPU.ActiveCfg = Release|Any CPU
		{670746C7-5A3B-4FBF-9C21-84B214FF7A80}.Release|Any CPU.Build.0 = Release|Any CPU
		{4E7BF1A4-85B3-47C7-B671-A9458B7563C0}.Debug|Any CPU.ActiveCfg = Debug|Any CPU
		{4E7BF1A4-85B3-47C7-B671-A9458B7563C0}.Debug|Any CPU.Build.0 = Debug|Any CPU
		{4E7BF1A4-85B3-47C7-B671-A9458B7563C0}.Release|Any CPU.ActiveCfg = Release|Any CPU
		{4E7BF1A4-85B3-47C7-B671-A9458B7563C0}.Release|Any CPU.Build.0 = Release|Any CPU
	EndGlobalSection
	GlobalSection(SolutionProperties) = preSolution
		HideSolutionNode = FALSE
	EndGlobalSection
	GlobalSection(ExtensibilityGlobals) = postSolution
		SolutionGuid = {FC568A91-F2E9-4AD2-9E76-8F36848CAE37}
	EndGlobalSection
EndGlobal
